
Microsoft Visual Studio Solution File, Format Version 12.00
# Visual Studio Version 17
VisualStudioVersion = 17.11.35431.28
MinimumVisualStudioVersion = 10.0.40219.1
Project("{FAE04EC0-301F-11D3-BF4B-00C04F79EFBC}") = "Online Job Portal", "Online Job Portal.csproj", "{A09315E7-7E87-4982-B57E-DB4EAF1AB00D}"
EndProject
Global
	GlobalSection(SolutionConfigurationPlatforms) = preSolution
		Debug|Any CPU = Debug|Any CPU
		Release|Any CPU = Release|Any CPU
	EndGlobalSection
	GlobalSection(ProjectConfigurationPlatforms) = postSolution
		{A09315E7-7E87-4982-B57E-DB4EAF1AB00D}.Debug|Any CPU.ActiveCfg = Debug|Any CPU
		{A09315E7-7E87-4982-B57E-DB4EAF1AB00D}.Debug|Any CPU.Build.0 = Debug|Any CPU
		{A09315E7-7E87-4982-B57E-DB4EAF1AB00D}.Release|Any CPU.ActiveCfg = Release|Any CPU
		{A09315E7-7E87-4982-B57E-DB4EAF1AB00D}.Release|Any CPU.Build.0 = Release|Any CPU
	EndGlobalSection
	GlobalSection(SolutionProperties) = preSolution
		HideSolutionNode = FALSE
	EndGlobalSection
	GlobalSection(ExtensibilityGlobals) = postSolution
		SolutionGuid = {CC1698F1-EA4A-4725-9AB7-51F6B2A502B8}
	EndGlobalSection
EndGlobal
