
Microsoft Visual Studio Solution File, Format Version 12.00
# Visual Studio Version 17
VisualStudioVersion = 17.11.35431.28
MinimumVisualStudioVersion = 10.0.40219.1
Project("{FAE04EC0-301F-11D3-BF4B-00C04F79EFBC}") = "Online Job Portal", "Online Job Portal.csproj", "{C689E45D-E2A5-46DA-A815-98A5B07DF2E7}"
EndProject
Global
	GlobalSection(SolutionConfigurationPlatforms) = preSolution
		Debug|Any CPU = Debug|Any CPU
		Release|Any CPU = Release|Any CPU
	EndGlobalSection
	GlobalSection(ProjectConfigurationPlatforms) = postSolution
		{C689E45D-E2A5-46DA-A815-98A5B07DF2E7}.Debug|Any CPU.ActiveCfg = Debug|Any CPU
		{C689E45D-E2A5-46DA-A815-98A5B07DF2E7}.Debug|Any CPU.Build.0 = Debug|Any CPU
		{C689E45D-E2A5-46DA-A815-98A5B07DF2E7}.Release|Any CPU.ActiveCfg = Release|Any CPU
		{C689E45D-E2A5-46DA-A815-98A5B07DF2E7}.Release|Any CPU.Build.0 = Release|Any CPU
	EndGlobalSection
	GlobalSection(SolutionProperties) = preSolution
		HideSolutionNode = FALSE
	EndGlobalSection
	GlobalSection(ExtensibilityGlobals) = postSolution
		SolutionGuid = {FF2D450B-3BB0-409C-9E83-400B067F2FC7}
	EndGlobalSection
EndGlobal
